// !$*UTF8*$!
{
	archiveVersion = 1;
	classes = {
	};
	objectVersion = 50;
	objects = {

/* Begin PBXBuildFile section */
		2C537F2C25941E4000FC0AFD /* main.swift in Sources */ = {isa = PBXBuildFile; fileRef = 2C537F2B25941E4000FC0AFD /* main.swift */; };
		2C537F692594F8F600FC0AFD /* FleetWordsTests.swift in Sources */ = {isa = PBXBuildFile; fileRef = 2C537F682594F8F600FC0AFD /* FleetWordsTests.swift */; };
		2C537F702594F90000FC0AFD /* main.swift in Sources */ = {isa = PBXBuildFile; fileRef = 2C537F2B25941E4000FC0AFD /* main.swift */; };
/* End PBXBuildFile section */

/* Begin PBXCopyFilesBuildPhase section */
		2C537F2625941E4000FC0AFD /* CopyFiles */ = {
			isa = PBXCopyFilesBuildPhase;
			buildActionMask = 2147483647;
			dstPath = /usr/share/man/man1/;
			dstSubfolderSpec = 0;
			files = (
			);
			runOnlyForDeploymentPostprocessing = 1;
		};
/* End PBXCopyFilesBuildPhase section */

/* Begin PBXFileReference section */
		2C537F2825941E4000FC0AFD /* FleetWords */ = {isa = PBXFileReference; explicitFileType = "compiled.mach-o.executable"; includeInIndex = 0; path = FleetWords; sourceTree = BUILT_PRODUCTS_DIR; };
		2C537F2B25941E4000FC0AFD /* main.swift */ = {isa = PBXFileReference; lastKnownFileType = sourcecode.swift; path = main.swift; sourceTree = "<group>"; };
		2C537F662594F8F600FC0AFD /* FleetWordsTests.xctest */ = {isa = PBXFileReference; explicitFileType = wrapper.cfbundle; includeInIndex = 0; path = FleetWordsTests.xctest; sourceTree = BUILT_PRODUCTS_DIR; };
		2C537F682594F8F600FC0AFD /* FleetWordsTests.swift */ = {isa = PBXFileReference; lastKnownFileType = sourcecode.swift; path = FleetWordsTests.swift; sourceTree = "<group>"; };
		2C537F6A2594F8F600FC0AFD /* Info.plist */ = {isa = PBXFileReference; lastKnownFileType = text.plist.xml; path = Info.plist; sourceTree = "<group>"; };
/* End PBXFileReference section */

/* Begin PBXFrameworksBuildPhase section */
		2C537F2525941E4000FC0AFD /* Frameworks */ = {
			isa = PBXFrameworksBuildPhase;
			buildActionMask = 2147483647;
			files = (
			);
			runOnlyForDeploymentPostprocessing = 0;
		};
		2C537F632594F8F600FC0AFD /* Frameworks */ = {
			isa = PBXFrameworksBuildPhase;
			buildActionMask = 2147483647;
			files = (
			);
			runOnlyForDeploymentPostprocessing = 0;
		};
/* End PBXFrameworksBuildPhase section */

/* Begin PBXGroup section */
		2C537F1F25941E4000FC0AFD = {
			isa = PBXGroup;
			children = (
				2C537F2A25941E4000FC0AFD /* FleetWords */,
				2C537F672594F8F600FC0AFD /* FleetWordsTests */,
				2C537F2925941E4000FC0AFD /* Products */,
			);
			sourceTree = "<group>";
		};
		2C537F2925941E4000FC0AFD /* Products */ = {
			isa = PBXGroup;
			children = (
				2C537F2825941E4000FC0AFD /* FleetWords */,
				2C537F662594F8F600FC0AFD /* FleetWordsTests.xctest */,
			);
			name = Products;
			sourceTree = "<group>";
		};
		2C537F2A25941E4000FC0AFD /* FleetWords */ = {
			isa = PBXGroup;
			children = (
				2C537F2B25941E4000FC0AFD /* main.swift */,
			);
			path = FleetWords;
			sourceTree = "<group>";
		};
		2C537F672594F8F600FC0AFD /* FleetWordsTests */ = {
			isa = PBXGroup;
			children = (
				2C537F682594F8F600FC0AFD /* FleetWordsTests.swift */,
				2C537F6A2594F8F600FC0AFD /* Info.plist */,
			);
			path = FleetWordsTests;
			sourceTree = "<group>";
		};
/* End PBXGroup section */

/* Begin PBXNativeTarget section */
		2C537F2725941E4000FC0AFD /* FleetWords */ = {
			isa = PBXNativeTarget;
			buildConfigurationList = 2C537F2F25941E4100FC0AFD /* Build configuration list for PBXNativeTarget "FleetWords" */;
			buildPhases = (
				2C537F2425941E4000FC0AFD /* Sources */,
				2C537F2525941E4000FC0AFD /* Frameworks */,
				2C537F2625941E4000FC0AFD /* CopyFiles */,
			);
			buildRules = (
			);
			dependencies = (
			);
			name = FleetWords;
			productName = FleetWords;
			productReference = 2C537F2825941E4000FC0AFD /* FleetWords */;
			productType = "com.apple.product-type.tool";
		};
		2C537F652594F8F600FC0AFD /* FleetWordsTests */ = {
			isa = PBXNativeTarget;
			buildConfigurationList = 2C537F6B2594F8F600FC0AFD /* Build configuration list for PBXNativeTarget "FleetWordsTests" */;
			buildPhases = (
				2C537F622594F8F600FC0AFD /* Sources */,
				2C537F632594F8F600FC0AFD /* Frameworks */,
				2C537F642594F8F600FC0AFD /* Resources */,
			);
			buildRules = (
			);
			dependencies = (
			);
			name = FleetWordsTests;
			productName = FleetWordsTests;
			productReference = 2C537F662594F8F600FC0AFD /* FleetWordsTests.xctest */;
			productType = "com.apple.product-type.bundle.unit-test";
		};
/* End PBXNativeTarget section */

/* Begin PBXProject section */
		2C537F2025941E4000FC0AFD /* Project object */ = {
			isa = PBXProject;
			attributes = {
				LastSwiftUpdateCheck = 1200;
				LastUpgradeCheck = 1200;
				TargetAttributes = {
					2C537F2725941E4000FC0AFD = {
						CreatedOnToolsVersion = 12.0.1;
					};
					2C537F652594F8F600FC0AFD = {
						CreatedOnToolsVersion = 12.0.1;
					};
				};
			};
			buildConfigurationList = 2C537F2325941E4000FC0AFD /* Build configuration list for PBXProject "FleetWords" */;
			compatibilityVersion = "Xcode 9.3";
			developmentRegion = en;
			hasScannedForEncodings = 0;
			knownRegions = (
				en,
				Base,
			);
			mainGroup = 2C537F1F25941E4000FC0AFD;
			productRefGroup = 2C537F2925941E4000FC0AFD /* Products */;
			projectDirPath = "";
			projectRoot = "";
			targets = (
				2C537F2725941E4000FC0AFD /* FleetWords */,
				2C537F652594F8F600FC0AFD /* FleetWordsTests */,
			);
		};
/* End PBXProject section */

/* Begin PBXResourcesBuildPhase section */
		2C537F642594F8F600FC0AFD /* Resources */ = {
			isa = PBXResourcesBuildPhase;
			buildActionMask = 2147483647;
			files = (
			);
			runOnlyForDeploymentPostprocessing = 0;
		};
/* End PBXResourcesBuildPhase section */

/* Begin PBXSourcesBuildPhase section */
		2C537F2425941E4000FC0AFD /* Sources */ = {
			isa = PBXSourcesBuildPhase;
			buildActionMask = 2147483647;
			files = (
				2C537F2C25941E4000FC0AFD /* main.swift in Sources */,
			);
			runOnlyForDeploymentPostprocessing = 0;
		};
		2C537F622594F8F600FC0AFD /* Sources */ = {
			isa = PBXSourcesBuildPhase;
			buildActionMask = 2147483647;
			files = (
				2C537F702594F90000FC0AFD /* main.swift in Sources */,
				2C537F692594F8F600FC0AFD /* FleetWordsTests.swift in Sources */,
			);
			runOnlyForDeploymentPostprocessing = 0;
		};
/* End PBXSourcesBuildPhase section */

/* Begin XCBuildConfiguration section */
		2C537F2D25941E4100FC0AFD /* Debug */ = {
			isa = XCBuildConfiguration;
			buildSettings = {
				ALWAYS_SEARCH_USER_PATHS = NO;
				CLANG_ANALYZER_NONNULL = YES;
				CLANG_ANALYZER_NUMBER_OBJECT_CONVERSION = YES_AGGRESSIVE;
				CLANG_CXX_LANGUAGE_STANDARD = "gnu++14";
				CLANG_CXX_LIBRARY = "libc++";
				CLANG_ENABLE_MODULES = YES;
				CLANG_ENABLE_OBJC_ARC = YES;
				CLANG_ENABLE_OBJC_WEAK = YES;
				CLANG_WARN_BLOCK_CAPTURE_AUTORELEASING = YES;
				CLANG_WARN_BOOL_CONVERSION = YES;
				CLANG_WARN_COMMA = YES;
				CLANG_WARN_CONSTANT_CONVERSION = YES;
				CLANG_WARN_DEPRECATED_OBJC_IMPLEMENTATIONS = YES;
				CLANG_WARN_DIRECT_OBJC_ISA_USAGE = YES_ERROR;
				CLANG_WARN_DOCUMENTATION_COMMENTS = YES;
				CLANG_WARN_EMPTY_BODY = YES;
				CLANG_WARN_ENUM_CONVERSION = YES;
				CLANG_WARN_INFINITE_RECURSION = YES;
				CLANG_WARN_INT_CONVERSION = YES;
				CLANG_WARN_NON_LITERAL_NULL_CONVERSION = YES;
				CLANG_WARN_OBJC_IMPLICIT_RETAIN_SELF = YES;
				CLANG_WARN_OBJC_LITERAL_CONVERSION = YES;
				CLANG_WARN_OBJC_ROOT_CLASS = YES_ERROR;
				CLANG_WARN_QUOTED_INCLUDE_IN_FRAMEWORK_HEADER = YES;
				CLANG_WARN_RANGE_LOOP_ANALYSIS = YES;
				CLANG_WARN_STRICT_PROTOTYPES = YES;
				CLANG_WARN_SUSPICIOUS_MOVE = YES;
				CLANG_WARN_UNGUARDED_AVAILABILITY = YES_AGGRESSIVE;
				CLANG_WARN_UNREACHABLE_CODE = YES;
				CLANG_WARN__DUPLICATE_METHOD_MATCH = YES;
				COPY_PHASE_STRIP = NO;
				DEBUG_INFORMATION_FORMAT = dwarf;
				ENABLE_STRICT_OBJC_MSGSEND = YES;
				ENABLE_TESTABILITY = YES;
				GCC_C_LANGUAGE_STANDARD = gnu11;
				GCC_DYNAMIC_NO_PIC = NO;
				GCC_NO_COMMON_BLOCKS = YES;
				GCC_OPTIMIZATION_LEVEL = 0;
				GCC_PREPROCESSOR_DEFINITIONS = (
					"DEBUG=1",
					"$(inherited)",
				);
				GCC_WARN_64_TO_32_BIT_CONVERSION = YES;
				GCC_WARN_ABOUT_RETURN_TYPE = YES_ERROR;
				GCC_WARN_UNDECLARED_SELECTOR = YES;
				GCC_WARN_UNINITIALIZED_AUTOS = YES_AGGRESSIVE;
				GCC_WARN_UNUSED_FUNCTION = YES;
				GCC_WARN_UNUSED_VARIABLE = YES;
				MACOSX_DEPLOYMENT_TARGET = 10.15;
				MTL_ENABLE_DEBUG_INFO = INCLUDE_SOURCE;
				MTL_FAST_MATH = YES;
				ONLY_ACTIVE_ARCH = YES;
				SDKROOT = macosx;
				SWIFT_ACTIVE_COMPILATION_CONDITIONS = DEBUG;
				SWIFT_OPTIMIZATION_LEVEL = "-Onone";
			};
			name = Debug;
		};
		2C537F2E25941E4100FC0AFD /* Release */ = {
			isa = XCBuildConfiguration;
			buildSettings = {
				ALWAYS_SEARCH_USER_PATHS = NO;
				CLANG_ANALYZER_NONNULL = YES;
				CLANG_ANALYZER_NUMBER_OBJECT_CONVERSION = YES_AGGRESSIVE;
				CLANG_CXX_LANGUAGE_STANDARD = "gnu++14";
				CLANG_CXX_LIBRARY = "libc++";
				CLANG_ENABLE_MODULES = YES;
				CLANG_ENABLE_OBJC_ARC = YES;
				CLANG_ENABLE_OBJC_WEAK = YES;
				CLANG_WARN_BLOCK_CAPTURE_AUTORELEASING = YES;
				CLANG_WARN_BOOL_CONVERSION = YES;
				CLANG_WARN_COMMA = YES;
				CLANG_WARN_CONSTANT_CONVERSION = YES;
				CLANG_WARN_DEPRECATED_OBJC_IMPLEMENTATIONS = YES;
				CLANG_WARN_DIRECT_OBJC_ISA_USAGE = YES_ERROR;
				CLANG_WARN_DOCUMENTATION_COMMENTS = YES;
				CLANG_WARN_EMPTY_BODY = YES;
				CLANG_WARN_ENUM_CONVERSION = YES;
				CLANG_WARN_INFINITE_RECURSION = YES;
				CLANG_WARN_INT_CONVERSION = YES;
				CLANG_WARN_NON_LITERAL_NULL_CONVERSION = YES;
				CLANG_WARN_OBJC_IMPLICIT_RETAIN_SELF = YES;
				CLANG_WARN_OBJC_LITERAL_CONVERSION = YES;
				CLANG_WARN_OBJC_ROOT_CLASS = YES_ERROR;
				CLANG_WARN_QUOTED_INCLUDE_IN_FRAMEWORK_HEADER = YES;
				CLANG_WARN_RANGE_LOOP_ANALYSIS = YES;
				CLANG_WARN_STRICT_PROTOTYPES = YES;
				CLANG_WARN_SUSPICIOUS_MOVE = YES;
				CLANG_WARN_UNGUARDED_AVAILABILITY = YES_AGGRESSIVE;
				CLANG_WARN_UNREACHABLE_CODE = YES;
				CLANG_WARN__DUPLICATE_METHOD_MATCH = YES;
				COPY_PHASE_STRIP = NO;
				DEBUG_INFORMATION_FORMAT = "dwarf-with-dsym";
				ENABLE_NS_ASSERTIONS = NO;
				ENABLE_STRICT_OBJC_MSGSEND = YES;
				GCC_C_LANGUAGE_STANDARD = gnu11;
				GCC_NO_COMMON_BLOCKS = YES;
				GCC_WARN_64_TO_32_BIT_CONVERSION = YES;
				GCC_WARN_ABOUT_RETURN_TYPE = YES_ERROR;
				GCC_WARN_UNDECLARED_SELECTOR = YES;
				GCC_WARN_UNINITIALIZED_AUTOS = YES_AGGRESSIVE;
				GCC_WARN_UNUSED_FUNCTION = YES;
				GCC_WARN_UNUSED_VARIABLE = YES;
				MACOSX_DEPLOYMENT_TARGET = 10.15;
				MTL_ENABLE_DEBUG_INFO = NO;
				MTL_FAST_MATH = YES;
				SDKROOT = macosx;
				SWIFT_COMPILATION_MODE = wholemodule;
				SWIFT_OPTIMIZATION_LEVEL = "-O";
			};
			name = Release;
		};
		2C537F3025941E4100FC0AFD /* Debug */ = {
			isa = XCBuildConfiguration;
			buildSettings = {
				CODE_SIGN_STYLE = Automatic;
				PRODUCT_NAME = "$(TARGET_NAME)";
				SWIFT_VERSION = 5.0;
			};
			name = Debug;
		};
		2C537F3125941E4100FC0AFD /* Release */ = {
			isa = XCBuildConfiguration;
			buildSettings = {
				CODE_SIGN_STYLE = Automatic;
				PRODUCT_NAME = "$(TARGET_NAME)";
				SWIFT_VERSION = 5.0;
			};
			name = Release;
		};
		2C537F6C2594F8F600FC0AFD /* Debug */ = {
			isa = XCBuildConfiguration;
			buildSettings = {
				CODE_SIGN_STYLE = Automatic;
				COMBINE_HIDPI_IMAGES = YES;
				INFOPLIST_FILE = FleetWordsTests/Info.plist;
				LD_RUNPATH_SEARCH_PATHS = (
					"$(inherited)",
					"@executable_path/../Frameworks",
					"@loader_path/../Frameworks",
				);
				PRODUCT_BUNDLE_IDENTIFIER = com.chandu.FleetWordsTests;
				PRODUCT_NAME = "$(TARGET_NAME)";
				SWIFT_VERSION = 5.0;
			};
			name = Debug;
		};
		2C537F6D2594F8F600FC0AFD /* Release */ = {
			isa = XCBuildConfiguration;
			buildSettings = {
				CODE_SIGN_STYLE = Automatic;
				COMBINE_HIDPI_IMAGES = YES;
				INFOPLIST_FILE = FleetWordsTests/Info.plist;
				LD_RUNPATH_SEARCH_PATHS = (
					"$(inherited)",
					"@executable_path/../Frameworks",
					"@loader_path/../Frameworks",
				);
				PRODUCT_BUNDLE_IDENTIFIER = com.chandu.FleetWordsTests;
				PRODUCT_NAME = "$(TARGET_NAME)";
				SWIFT_VERSION = 5.0;
			};
			name = Release;
		};
/* End XCBuildConfiguration section */

/* Begin XCConfigurationList section */
		2C537F2325941E4000FC0AFD /* Build configuration list for PBXProject "FleetWords" */ = {
			isa = XCConfigurationList;
			buildConfigurations = (
				2C537F2D25941E4100FC0AFD /* Debug */,
				2C537F2E25941E4100FC0AFD /* Release */,
			);
			defaultConfigurationIsVisible = 0;
			defaultConfigurationName = Release;
		};
		2C537F2F25941E4100FC0AFD /* Build configuration list for PBXNativeTarget "FleetWords" */ = {
			isa = XCConfigurationList;
			buildConfigurations = (
				2C537F3025941E4100FC0AFD /* Debug */,
				2C537F3125941E4100FC0AFD /* Release */,
			);
			defaultConfigurationIsVisible = 0;
			defaultConfigurationName = Release;
		};
		2C537F6B2594F8F600FC0AFD /* Build configuration list for PBXNativeTarget "FleetWordsTests" */ = {
			isa = XCConfigurationList;
			buildConfigurations = (
				2C537F6C2594F8F600FC0AFD /* Debug */,
				2C537F6D2594F8F600FC0AFD /* Release */,
			);
			defaultConfigurationIsVisible = 0;
			defaultConfigurationName = Release;
		};
/* End XCConfigurationList section */
	};
	rootObject = 2C537F2025941E4000FC0AFD /* Project object */;
}
